
Microsoft Visual Studio Solution File, Format Version 12.00
# Visual Studio Version 17
VisualStudioVersion = 17.9.34723.18
MinimumVisualStudioVersion = 10.0.40219.1
Project("{FAE04EC0-301F-11D3-BF4B-00C04F79EFBC}") = "CakeBuild", "CakeBuild\CakeBuild.csproj", "{ED7737FE-D42A-4B19-8DEE-87A1CBF5337E}"
EndProject
Project("{FAE04EC0-301F-11D3-BF4B-00C04F79EFBC}") = "trashmod", "trashmod\trashmod.csproj", "{BB50998F-D3CF-41DB-9E45-12D65171EA05}"
EndProject
Global
	GlobalSection(SolutionConfigurationPlatforms) = preSolution
		Debug|Any CPU = Debug|Any CPU
		Release|Any CPU = Release|Any CPU
	EndGlobalSection
	GlobalSection(ProjectConfigurationPlatforms) = postSolution
		{ED7737FE-D42A-4B19-8DEE-87A1CBF5337E}.Debug|Any CPU.ActiveCfg = Debug|Any CPU
		{ED7737FE-D42A-4B19-8DEE-87A1CBF5337E}.Debug|Any CPU.Build.0 = Debug|Any CPU
		{ED7737FE-D42A-4B19-8DEE-87A1CBF5337E}.Release|Any CPU.ActiveCfg = Release|Any CPU
		{ED7737FE-D42A-4B19-8DEE-87A1CBF5337E}.Release|Any CPU.Build.0 = Release|Any CPU
		{BB50998F-D3CF-41DB-9E45-12D65171EA05}.Debug|Any CPU.ActiveCfg = Debug|Any CPU
		{BB50998F-D3CF-41DB-9E45-12D65171EA05}.Debug|Any CPU.Build.0 = Debug|Any CPU
		{BB50998F-D3CF-41DB-9E45-12D65171EA05}.Release|Any CPU.ActiveCfg = Release|Any CPU
		{BB50998F-D3CF-41DB-9E45-12D65171EA05}.Release|Any CPU.Build.0 = Release|Any CPU
	EndGlobalSection
	GlobalSection(SolutionProperties) = preSolution
		HideSolutionNode = FALSE
	EndGlobalSection
	GlobalSection(ExtensibilityGlobals) = postSolution
		SolutionGuid = {640B7AB5-C276-4EE7-A65E-BD153CF0FBE8}
	EndGlobalSection
EndGlobal
